
Microsoft Visual Studio Solution File, Format Version 12.00
# Visual Studio 15
Project("{FAE04EC0-301F-11D3-BF4B-00C04F79EFBC}") = "Assembly-CSharp", "Assembly-CSharp.csproj", "{07A9DF8E-534F-5B8C-7890-422071C505EA}"
EndProject
Global
	GlobalSection(SolutionConfigurationPlatforms) = preSolution
		Debug|Any CPU = Debug|Any CPU
		Release|Any CPU = Release|Any CPU
	EndGlobalSection
	GlobalSection(ProjectConfigurationPlatforms) = postSolution
		{07A9DF8E-534F-5B8C-7890-422071C505EA}.Debug|Any CPU.ActiveCfg = Debug|Any CPU
		{07A9DF8E-534F-5B8C-7890-422071C505EA}.Debug|Any CPU.Build.0 = Debug|Any CPU
		{07A9DF8E-534F-5B8C-7890-422071C505EA}.Release|Any CPU.ActiveCfg = Release|Any CPU
		{07A9DF8E-534F-5B8C-7890-422071C505EA}.Release|Any CPU.Build.0 = Release|Any CPU
	EndGlobalSection
	GlobalSection(SolutionProperties) = preSolution
		HideSolutionNode = FALSE
	EndGlobalSection
EndGlobal
